
Microsoft Visual Studio Solution File, Format Version 12.00
# Visual Studio Version 16
VisualStudioVersion = 16.0.31229.75
MinimumVisualStudioVersion = 10.0.40219.1
Project("{9A19103F-16F7-4668-BE54-9A1E7A4F7556}") = "DailySharePriceMS", "DailySharePriceMS\DailySharePriceMS.csproj", "{E28E5A26-338A-4AE3-9EAA-6550C7FD21D8}"
EndProject
Project("{FAE04EC0-301F-11D3-BF4B-00C04F79EFBC}") = "DailySharePriceTests", "DailySharePriceTests\DailySharePriceTests.csproj", "{B3542CAB-21D8-4FC2-8323-F563821AFA38}"
EndProject
Global
	GlobalSection(SolutionConfigurationPlatforms) = preSolution
		Debug|Any CPU = Debug|Any CPU
		Release|Any CPU = Release|Any CPU
	EndGlobalSection
	GlobalSection(ProjectConfigurationPlatforms) = postSolution
		{E28E5A26-338A-4AE3-9EAA-6550C7FD21D8}.Debug|Any CPU.ActiveCfg = Debug|Any CPU
		{E28E5A26-338A-4AE3-9EAA-6550C7FD21D8}.Debug|Any CPU.Build.0 = Debug|Any CPU
		{E28E5A26-338A-4AE3-9EAA-6550C7FD21D8}.Release|Any CPU.ActiveCfg = Release|Any CPU
		{E28E5A26-338A-4AE3-9EAA-6550C7FD21D8}.Release|Any CPU.Build.0 = Release|Any CPU
		{B3542CAB-21D8-4FC2-8323-F563821AFA38}.Debug|Any CPU.ActiveCfg = Debug|Any CPU
		{B3542CAB-21D8-4FC2-8323-F563821AFA38}.Debug|Any CPU.Build.0 = Debug|Any CPU
		{B3542CAB-21D8-4FC2-8323-F563821AFA38}.Release|Any CPU.ActiveCfg = Release|Any CPU
		{B3542CAB-21D8-4FC2-8323-F563821AFA38}.Release|Any CPU.Build.0 = Release|Any CPU
	EndGlobalSection
	GlobalSection(SolutionProperties) = preSolution
		HideSolutionNode = FALSE
	EndGlobalSection
	GlobalSection(ExtensibilityGlobals) = postSolution
		SolutionGuid = {AAE2C48E-7E9B-4BC5-BF0B-4EAF9E6594AA}
	EndGlobalSection
EndGlobal
