
Microsoft Visual Studio Solution File, Format Version 12.00
# Visual Studio Version 16
VisualStudioVersion = 16.0.31402.337
MinimumVisualStudioVersion = 10.0.40219.1
Project("{9A19103F-16F7-4668-BE54-9A1E7A4F7556}") = "Authorization", "AuthorizationPortfolioManagement\Authorization.csproj", "{9F60929E-14E7-404E-8C82-2128944A0169}"
EndProject
Project("{9A19103F-16F7-4668-BE54-9A1E7A4F7556}") = "AuthorizationPortfolioManagementTest", "AuthorizationPortfolioManagementTest\AuthorizationPortfolioManagementTest.csproj", "{326A6205-187F-4997-A443-4FD751639CD1}"
EndProject
Global
	GlobalSection(SolutionConfigurationPlatforms) = preSolution
		Debug|Any CPU = Debug|Any CPU
		Release|Any CPU = Release|Any CPU
	EndGlobalSection
	GlobalSection(ProjectConfigurationPlatforms) = postSolution
		{9F60929E-14E7-404E-8C82-2128944A0169}.Debug|Any CPU.ActiveCfg = Debug|Any CPU
		{9F60929E-14E7-404E-8C82-2128944A0169}.Debug|Any CPU.Build.0 = Debug|Any CPU
		{9F60929E-14E7-404E-8C82-2128944A0169}.Release|Any CPU.ActiveCfg = Release|Any CPU
		{9F60929E-14E7-404E-8C82-2128944A0169}.Release|Any CPU.Build.0 = Release|Any CPU
		{326A6205-187F-4997-A443-4FD751639CD1}.Debug|Any CPU.ActiveCfg = Debug|Any CPU
		{326A6205-187F-4997-A443-4FD751639CD1}.Debug|Any CPU.Build.0 = Debug|Any CPU
		{326A6205-187F-4997-A443-4FD751639CD1}.Release|Any CPU.ActiveCfg = Release|Any CPU
		{326A6205-187F-4997-A443-4FD751639CD1}.Release|Any CPU.Build.0 = Release|Any CPU
	EndGlobalSection
	GlobalSection(SolutionProperties) = preSolution
		HideSolutionNode = FALSE
	EndGlobalSection
	GlobalSection(ExtensibilityGlobals) = postSolution
		SolutionGuid = {8413EC38-3973-4C77-81EA-EE1D544965DA}
	EndGlobalSection
EndGlobal
